<?xml version="1.0" encoding="utf-8"?>
<Project ToolsVersion="4.0" xmlns="http://schemas.microsoft.com/developer/msbuild/2003">
  <ItemGroup>
    <Filter Include="Source Files">
      <UniqueIdentifier>{4FC737F1-C7A5-4376-A066-2A32D752A2FF}</UniqueIdentifier>
      <Extensions>cpp;c;cc;cxx;c++;def;odl;idl;hpj;bat;asm;asmx</Extensions>
    </Filter>
    <Filter Include="Header Files">
      <UniqueIdentifier>{93995380-89BD-4b04-88EB-625FBE52EBFB}</UniqueIdentifier>
      <Extensions>h;hh;hpp;hxx;h++;hm;inl;inc;ipp;xsd</Extensions>
    </Filter>
    <Filter Include="Resource Files">
      <UniqueIdentifier>{67DA6AB6-F800-4c08-8B7A-83BB121AAD01}</UniqueIdentifier>
      <Extensions>rc;ico;cur;bmp;dlg;rc2;rct;bin;rgs;gif;jpg;jpeg;jpe;resx;tiff;tif;png;wav;mfcribbon-ms</Extensions>
    </Filter>
  </ItemGroup>
  <ItemGroup>
    <ClCompile Include="Proyecto.cpp">
      <Filter>Source Files</Filter>
    </ClCompile>
    <ClCompile Include="Estudiante.cpp">
      <Filter>Source Files</Filter>
    </ClCompile>
    <ClCompile Include="MaestroEstudiantes.cpp">
      <Filter>Source Files</Filter>
    </ClCompile>
    <ClCompile Include="NodoDE.cpp">
      <Filter>Source Files</Filter>
    </ClCompile>
    <ClCompile Include="Materia.cpp">
      <Filter>Source Files</Filter>
    </ClCompile>
    <ClCompile Include="NodoDM.cpp">
      <Filter>Source Files</Filter>
    </ClCompile>
    <ClCompile Include="ListaMaterias.cpp">
      <Filter>Source Files</Filter>
    </ClCompile>
    <ClCompile Include="Grupo.cpp">
      <Filter>Source Files</Filter>
    </ClCompile>
    <ClCompile Include="NodoDG.cpp">
      <Filter>Source Files</Filter>
    </ClCompile>
    <ClCompile Include="ListaGrupos.cpp">
      <Filter>Source Files</Filter>
    </ClCompile>
    <ClCompile Include="NodoDEM.cpp">
      <Filter>Source Files</Filter>
    </ClCompile>
    <ClCompile Include="EstudianteMatriculado.cpp">
      <Filter>Source Files</Filter>
    </ClCompile>
    <ClCompile Include="ListaEstudiantesMatriculados.cpp">
      <Filter>Source Files</Filter>
    </ClCompile>
  </ItemGroup>
  <ItemGroup>
    <ClInclude Include="Estudiante.h">
      <Filter>Header Files</Filter>
    </ClInclude>
    <ClInclude Include="MaestroEstudiantes.h">
      <Filter>Header Files</Filter>
    </ClInclude>
    <ClInclude Include="NodoDE.h">
      <Filter>Header Files</Filter>
    </ClInclude>
    <ClInclude Include="Materia.h">
      <Filter>Header Files</Filter>
    </ClInclude>
    <ClInclude Include="NodoDM.h">
      <Filter>Header Files</Filter>
    </ClInclude>
    <ClInclude Include="ListaMaterias.h">
      <Filter>Header Files</Filter>
    </ClInclude>
    <ClInclude Include="Grupo.h">
      <Filter>Header Files</Filter>
    </ClInclude>
    <ClInclude Include="NodoDG.h">
      <Filter>Header Files</Filter>
    </ClInclude>
    <ClInclude Include="ListaGrupos.h">
      <Filter>Header Files</Filter>
    </ClInclude>
    <ClInclude Include="NodoDEM.h">
      <Filter>Header Files</Filter>
    </ClInclude>
    <ClInclude Include="EstudianteMatriculado.h">
      <Filter>Header Files</Filter>
    </ClInclude>
    <ClInclude Include="ListaEstudiantesMatriculados.h">
      <Filter>Header Files</Filter>
    </ClInclude>
  </ItemGroup>
</Project>